
Microsoft Visual Studio Solution File, Format Version 12.00
# Visual Studio Version 17
VisualStudioVersion = 17.0.31903.59
MinimumVisualStudioVersion = 10.0.40219.1
Project("{9A19103F-16F7-4668-BE54-9A1E7A4F7556}") = "library", "library\library.csproj", "{A1EBC86B-6723-4260-8215-021A846BDF74}"
EndProject
Project("{2150E333-8FDC-42A3-9474-1A3956D46DE8}") = "Itens de Solução", "Itens de Solução", "{712A394D-F343-4FC5-8726-FD90277D6A36}"
	ProjectSection(SolutionItems) = preProject
		.gitignore = .gitignore
	EndProjectSection
EndProject
Global
	GlobalSection(SolutionConfigurationPlatforms) = preSolution
		Debug|Any CPU = Debug|Any CPU
		Release|Any CPU = Release|Any CPU
	EndGlobalSection
	GlobalSection(ProjectConfigurationPlatforms) = postSolution
		{A1EBC86B-6723-4260-8215-021A846BDF74}.Debug|Any CPU.ActiveCfg = Debug|Any CPU
		{A1EBC86B-6723-4260-8215-021A846BDF74}.Debug|Any CPU.Build.0 = Debug|Any CPU
		{A1EBC86B-6723-4260-8215-021A846BDF74}.Release|Any CPU.ActiveCfg = Release|Any CPU
		{A1EBC86B-6723-4260-8215-021A846BDF74}.Release|Any CPU.Build.0 = Release|Any CPU
	EndGlobalSection
	GlobalSection(SolutionProperties) = preSolution
		HideSolutionNode = FALSE
	EndGlobalSection
	GlobalSection(ExtensibilityGlobals) = postSolution
		SolutionGuid = {3AE43205-61F5-44CA-B27A-627178866DCE}
	EndGlobalSection
EndGlobal
